
Microsoft Visual Studio Solution File, Format Version 12.00
# Visual Studio Version 17
VisualStudioVersion = 17.6.33712.159
MinimumVisualStudioVersion = 10.0.40219.1
Project("{FAE04EC0-301F-11D3-BF4B-00C04F79EFBC}") = "shape_formula", "shape_formula.csproj", "{95B9D351-EF17-4863-89B8-CB578DD3BC81}"
EndProject
Project("{FAE04EC0-301F-11D3-BF4B-00C04F79EFBC}") = "lab4_b_test", "..\lab4_b_test\lab4_b_test.csproj", "{4D74EC9E-77F9-4DEE-9540-04EAD5FAE4D4}"
EndProject
Global
	GlobalSection(SolutionConfigurationPlatforms) = preSolution
		Debug|Any CPU = Debug|Any CPU
		Release|Any CPU = Release|Any CPU
	EndGlobalSection
	GlobalSection(ProjectConfigurationPlatforms) = postSolution
		{95B9D351-EF17-4863-89B8-CB578DD3BC81}.Debug|Any CPU.ActiveCfg = Debug|Any CPU
		{95B9D351-EF17-4863-89B8-CB578DD3BC81}.Debug|Any CPU.Build.0 = Debug|Any CPU
		{95B9D351-EF17-4863-89B8-CB578DD3BC81}.Release|Any CPU.ActiveCfg = Release|Any CPU
		{95B9D351-EF17-4863-89B8-CB578DD3BC81}.Release|Any CPU.Build.0 = Release|Any CPU
		{4D74EC9E-77F9-4DEE-9540-04EAD5FAE4D4}.Debug|Any CPU.ActiveCfg = Debug|Any CPU
		{4D74EC9E-77F9-4DEE-9540-04EAD5FAE4D4}.Debug|Any CPU.Build.0 = Debug|Any CPU
		{4D74EC9E-77F9-4DEE-9540-04EAD5FAE4D4}.Release|Any CPU.ActiveCfg = Release|Any CPU
		{4D74EC9E-77F9-4DEE-9540-04EAD5FAE4D4}.Release|Any CPU.Build.0 = Release|Any CPU
	EndGlobalSection
	GlobalSection(SolutionProperties) = preSolution
		HideSolutionNode = FALSE
	EndGlobalSection
	GlobalSection(ExtensibilityGlobals) = postSolution
		SolutionGuid = {79F29B28-AC42-450A-AF4B-2F008AA9B0D1}
	EndGlobalSection
EndGlobal
