
Microsoft Visual Studio Solution File, Format Version 12.00
# Visual Studio Version 17
VisualStudioVersion = 17.6.33712.159
MinimumVisualStudioVersion = 10.0.40219.1
Project("{FAE04EC0-301F-11D3-BF4B-00C04F79EFBC}") = "210042111_lab04_grpB", "210042111_lab04_grpB.csproj", "{9700A161-D5C7-41D2-9718-F772BF6A6284}"
EndProject
Project("{FAE04EC0-301F-11D3-BF4B-00C04F79EFBC}") = "grbb_test", "..\grbb_test\grbb_test.csproj", "{AE39A2BC-82E9-4A5A-A66D-78FAE1AECA82}"
EndProject
Global
	GlobalSection(SolutionConfigurationPlatforms) = preSolution
		Debug|Any CPU = Debug|Any CPU
		Release|Any CPU = Release|Any CPU
	EndGlobalSection
	GlobalSection(ProjectConfigurationPlatforms) = postSolution
		{9700A161-D5C7-41D2-9718-F772BF6A6284}.Debug|Any CPU.ActiveCfg = Debug|Any CPU
		{9700A161-D5C7-41D2-9718-F772BF6A6284}.Debug|Any CPU.Build.0 = Debug|Any CPU
		{9700A161-D5C7-41D2-9718-F772BF6A6284}.Release|Any CPU.ActiveCfg = Release|Any CPU
		{9700A161-D5C7-41D2-9718-F772BF6A6284}.Release|Any CPU.Build.0 = Release|Any CPU
		{AE39A2BC-82E9-4A5A-A66D-78FAE1AECA82}.Debug|Any CPU.ActiveCfg = Debug|Any CPU
		{AE39A2BC-82E9-4A5A-A66D-78FAE1AECA82}.Debug|Any CPU.Build.0 = Debug|Any CPU
		{AE39A2BC-82E9-4A5A-A66D-78FAE1AECA82}.Release|Any CPU.ActiveCfg = Release|Any CPU
		{AE39A2BC-82E9-4A5A-A66D-78FAE1AECA82}.Release|Any CPU.Build.0 = Release|Any CPU
	EndGlobalSection
	GlobalSection(SolutionProperties) = preSolution
		HideSolutionNode = FALSE
	EndGlobalSection
	GlobalSection(ExtensibilityGlobals) = postSolution
		SolutionGuid = {1EC7C69D-A882-4DBC-80C7-B26F83A8362F}
	EndGlobalSection
EndGlobal
