
Microsoft Visual Studio Solution File, Format Version 12.00
# Visual Studio Version 17
VisualStudioVersion = 17.6.33712.159
MinimumVisualStudioVersion = 10.0.40219.1
Project("{FAE04EC0-301F-11D3-BF4B-00C04F79EFBC}") = "aggregation", "aggregation.csproj", "{26AB52B1-6D3C-4640-800B-95099AACE3AA}"
EndProject
Global
	GlobalSection(SolutionConfigurationPlatforms) = preSolution
		Debug|Any CPU = Debug|Any CPU
		Release|Any CPU = Release|Any CPU
	EndGlobalSection
	GlobalSection(ProjectConfigurationPlatforms) = postSolution
		{26AB52B1-6D3C-4640-800B-95099AACE3AA}.Debug|Any CPU.ActiveCfg = Debug|Any CPU
		{26AB52B1-6D3C-4640-800B-95099AACE3AA}.Debug|Any CPU.Build.0 = Debug|Any CPU
		{26AB52B1-6D3C-4640-800B-95099AACE3AA}.Release|Any CPU.ActiveCfg = Release|Any CPU
		{26AB52B1-6D3C-4640-800B-95099AACE3AA}.Release|Any CPU.Build.0 = Release|Any CPU
	EndGlobalSection
	GlobalSection(SolutionProperties) = preSolution
		HideSolutionNode = FALSE
	EndGlobalSection
	GlobalSection(ExtensibilityGlobals) = postSolution
		SolutionGuid = {1449B88E-1C20-4BB8-AEBA-B4DBD13A6466}
	EndGlobalSection
EndGlobal
