
Microsoft Visual Studio Solution File, Format Version 12.00
# Visual Studio Version 17
VisualStudioVersion = 17.6.33712.159
MinimumVisualStudioVersion = 10.0.40219.1
Project("{FAE04EC0-301F-11D3-BF4B-00C04F79EFBC}") = "deligation1", "deligation1.csproj", "{4F11CC95-C149-438E-9C91-F4C44FF022A9}"
EndProject
Global
	GlobalSection(SolutionConfigurationPlatforms) = preSolution
		Debug|Any CPU = Debug|Any CPU
		Release|Any CPU = Release|Any CPU
	EndGlobalSection
	GlobalSection(ProjectConfigurationPlatforms) = postSolution
		{4F11CC95-C149-438E-9C91-F4C44FF022A9}.Debug|Any CPU.ActiveCfg = Debug|Any CPU
		{4F11CC95-C149-438E-9C91-F4C44FF022A9}.Debug|Any CPU.Build.0 = Debug|Any CPU
		{4F11CC95-C149-438E-9C91-F4C44FF022A9}.Release|Any CPU.ActiveCfg = Release|Any CPU
		{4F11CC95-C149-438E-9C91-F4C44FF022A9}.Release|Any CPU.Build.0 = Release|Any CPU
	EndGlobalSection
	GlobalSection(SolutionProperties) = preSolution
		HideSolutionNode = FALSE
	EndGlobalSection
	GlobalSection(ExtensibilityGlobals) = postSolution
		SolutionGuid = {956F2AAE-7B63-46E4-84CC-DD4D93A2B5CD}
	EndGlobalSection
EndGlobal
