
Microsoft Visual Studio Solution File, Format Version 12.00
# Visual Studio Version 17
VisualStudioVersion = 17.6.33712.159
MinimumVisualStudioVersion = 10.0.40219.1
Project("{FAE04EC0-301F-11D3-BF4B-00C04F79EFBC}") = "maxstack_lab06", "maxstack_lab06.csproj", "{897D2001-D95C-4AED-BAD1-0F32993F90AD}"
EndProject
Project("{FAE04EC0-301F-11D3-BF4B-00C04F79EFBC}") = "MaxStack_test", "..\MaxStack_test\MaxStack_test.csproj", "{3074CA14-8BFF-4D10-8411-B2FB8FF39794}"
EndProject
Global
	GlobalSection(SolutionConfigurationPlatforms) = preSolution
		Debug|Any CPU = Debug|Any CPU
		Release|Any CPU = Release|Any CPU
	EndGlobalSection
	GlobalSection(ProjectConfigurationPlatforms) = postSolution
		{897D2001-D95C-4AED-BAD1-0F32993F90AD}.Debug|Any CPU.ActiveCfg = Debug|Any CPU
		{897D2001-D95C-4AED-BAD1-0F32993F90AD}.Debug|Any CPU.Build.0 = Debug|Any CPU
		{897D2001-D95C-4AED-BAD1-0F32993F90AD}.Release|Any CPU.ActiveCfg = Release|Any CPU
		{897D2001-D95C-4AED-BAD1-0F32993F90AD}.Release|Any CPU.Build.0 = Release|Any CPU
		{3074CA14-8BFF-4D10-8411-B2FB8FF39794}.Debug|Any CPU.ActiveCfg = Debug|Any CPU
		{3074CA14-8BFF-4D10-8411-B2FB8FF39794}.Debug|Any CPU.Build.0 = Debug|Any CPU
		{3074CA14-8BFF-4D10-8411-B2FB8FF39794}.Release|Any CPU.ActiveCfg = Release|Any CPU
		{3074CA14-8BFF-4D10-8411-B2FB8FF39794}.Release|Any CPU.Build.0 = Release|Any CPU
	EndGlobalSection
	GlobalSection(SolutionProperties) = preSolution
		HideSolutionNode = FALSE
	EndGlobalSection
	GlobalSection(ExtensibilityGlobals) = postSolution
		SolutionGuid = {3617428F-0F04-46E0-AC25-FB76278E8575}
	EndGlobalSection
EndGlobal
