
Microsoft Visual Studio Solution File, Format Version 12.00
# Visual Studio Version 17
VisualStudioVersion = 17.6.33712.159
MinimumVisualStudioVersion = 10.0.40219.1
Project("{FAE04EC0-301F-11D3-BF4B-00C04F79EFBC}") = "lab4_task1_alt", "lab4_task1_alt.csproj", "{8F838CDC-5B39-40D6-AB1A-16E004FD26DA}"
EndProject
Project("{FAE04EC0-301F-11D3-BF4B-00C04F79EFBC}") = "unittesting_alter", "..\unittesting_alter\unittesting_alter.csproj", "{4CA4FCC4-6B5D-414B-BDFD-244C4DC95DAA}"
EndProject
Global
	GlobalSection(SolutionConfigurationPlatforms) = preSolution
		Debug|Any CPU = Debug|Any CPU
		Release|Any CPU = Release|Any CPU
	EndGlobalSection
	GlobalSection(ProjectConfigurationPlatforms) = postSolution
		{8F838CDC-5B39-40D6-AB1A-16E004FD26DA}.Debug|Any CPU.ActiveCfg = Debug|Any CPU
		{8F838CDC-5B39-40D6-AB1A-16E004FD26DA}.Debug|Any CPU.Build.0 = Debug|Any CPU
		{8F838CDC-5B39-40D6-AB1A-16E004FD26DA}.Release|Any CPU.ActiveCfg = Release|Any CPU
		{8F838CDC-5B39-40D6-AB1A-16E004FD26DA}.Release|Any CPU.Build.0 = Release|Any CPU
		{4CA4FCC4-6B5D-414B-BDFD-244C4DC95DAA}.Debug|Any CPU.ActiveCfg = Debug|Any CPU
		{4CA4FCC4-6B5D-414B-BDFD-244C4DC95DAA}.Debug|Any CPU.Build.0 = Debug|Any CPU
		{4CA4FCC4-6B5D-414B-BDFD-244C4DC95DAA}.Release|Any CPU.ActiveCfg = Release|Any CPU
		{4CA4FCC4-6B5D-414B-BDFD-244C4DC95DAA}.Release|Any CPU.Build.0 = Release|Any CPU
	EndGlobalSection
	GlobalSection(SolutionProperties) = preSolution
		HideSolutionNode = FALSE
	EndGlobalSection
	GlobalSection(ExtensibilityGlobals) = postSolution
		SolutionGuid = {602CA9B0-54DE-465B-8FED-C1C6A25F70C0}
	EndGlobalSection
EndGlobal
