
Microsoft Visual Studio Solution File, Format Version 12.00
# Visual Studio Version 17
VisualStudioVersion = 17.6.33712.159
MinimumVisualStudioVersion = 10.0.40219.1
Project("{FAE04EC0-301F-11D3-BF4B-00C04F79EFBC}") = "alter_employeeapp", "alter_employeeapp.csproj", "{944257B6-28DB-46A7-BD73-4A2CD65CEFBC}"
EndProject
Global
	GlobalSection(SolutionConfigurationPlatforms) = preSolution
		Debug|Any CPU = Debug|Any CPU
		Release|Any CPU = Release|Any CPU
	EndGlobalSection
	GlobalSection(ProjectConfigurationPlatforms) = postSolution
		{944257B6-28DB-46A7-BD73-4A2CD65CEFBC}.Debug|Any CPU.ActiveCfg = Debug|Any CPU
		{944257B6-28DB-46A7-BD73-4A2CD65CEFBC}.Debug|Any CPU.Build.0 = Debug|Any CPU
		{944257B6-28DB-46A7-BD73-4A2CD65CEFBC}.Release|Any CPU.ActiveCfg = Release|Any CPU
		{944257B6-28DB-46A7-BD73-4A2CD65CEFBC}.Release|Any CPU.Build.0 = Release|Any CPU
	EndGlobalSection
	GlobalSection(SolutionProperties) = preSolution
		HideSolutionNode = FALSE
	EndGlobalSection
	GlobalSection(ExtensibilityGlobals) = postSolution
		SolutionGuid = {1EC5E210-13FE-44C5-8B5D-379029D6F469}
	EndGlobalSection
EndGlobal
